# This file is automatically @generated by Cargo.
# It is not intended for manual editing.
version = 4

[[package]]
name = "jobchain-cli"
version = "0.1.0"
dependencies = [
 "jobchain-core",
]

[[package]]
name = "jobchain-core"
version = "0.1.0"

[[package]]
name = "jobchain-verify"
version = "0.1.0"
dependencies = [
 "jobchain-core",
]
